
Microsoft Visual Studio Solution File, Format Version 12.00
# Visual Studio Version 17
VisualStudioVersion = 17.1.32210.238
MinimumVisualStudioVersion = 10.0.40219.1
Project("{9A19103F-16F7-4668-BE54-9A1E7A4F7556}") = "Vikekh.Cv.WebRazor", "src\Vikekh.Cv.WebRazor\Vikekh.Cv.WebRazor.csproj", "{48B3AA58-6B06-4AFB-9BEB-C81780534594}"
EndProject
Project("{2150E333-8FDC-42A3-9474-1A3956D46DE8}") = "src", "src", "{370C7CC2-84DD-41C9-912B-22B13D699B20}"
EndProject
Project("{2150E333-8FDC-42A3-9474-1A3956D46DE8}") = "Solution Items", "Solution Items", "{BCC8E0F5-6822-4DB6-96FF-834B154F3C40}"
	ProjectSection(SolutionItems) = preProject
		.dockerignore = .dockerignore
		.editorconfig = .editorconfig
		.gitignore = .gitignore
		LICENSE = LICENSE
		README.md = README.md
		schema.json = schema.json
	EndProjectSection
EndProject
Project("{9A19103F-16F7-4668-BE54-9A1E7A4F7556}") = "Vikekh.JsonResume", "src\Vikekh.JsonResume\Vikekh.JsonResume.csproj", "{E60B088E-BEE8-4558-AD34-9C2391947C9E}"
EndProject
Global
	GlobalSection(SolutionConfigurationPlatforms) = preSolution
		Debug|Any CPU = Debug|Any CPU
		Release|Any CPU = Release|Any CPU
	EndGlobalSection
	GlobalSection(ProjectConfigurationPlatforms) = postSolution
		{48B3AA58-6B06-4AFB-9BEB-C81780534594}.Debug|Any CPU.ActiveCfg = Debug|Any CPU
		{48B3AA58-6B06-4AFB-9BEB-C81780534594}.Debug|Any CPU.Build.0 = Debug|Any CPU
		{48B3AA58-6B06-4AFB-9BEB-C81780534594}.Release|Any CPU.ActiveCfg = Release|Any CPU
		{48B3AA58-6B06-4AFB-9BEB-C81780534594}.Release|Any CPU.Build.0 = Release|Any CPU
		{E60B088E-BEE8-4558-AD34-9C2391947C9E}.Debug|Any CPU.ActiveCfg = Debug|Any CPU
		{E60B088E-BEE8-4558-AD34-9C2391947C9E}.Debug|Any CPU.Build.0 = Debug|Any CPU
		{E60B088E-BEE8-4558-AD34-9C2391947C9E}.Release|Any CPU.ActiveCfg = Release|Any CPU
		{E60B088E-BEE8-4558-AD34-9C2391947C9E}.Release|Any CPU.Build.0 = Release|Any CPU
	EndGlobalSection
	GlobalSection(SolutionProperties) = preSolution
		HideSolutionNode = FALSE
	EndGlobalSection
	GlobalSection(NestedProjects) = preSolution
		{48B3AA58-6B06-4AFB-9BEB-C81780534594} = {370C7CC2-84DD-41C9-912B-22B13D699B20}
		{E60B088E-BEE8-4558-AD34-9C2391947C9E} = {370C7CC2-84DD-41C9-912B-22B13D699B20}
	EndGlobalSection
	GlobalSection(ExtensibilityGlobals) = postSolution
		SolutionGuid = {32A5582C-760D-42A4-A14A-697862D95626}
	EndGlobalSection
EndGlobal
