
Microsoft Visual Studio Solution File, Format Version 12.00
# Visual Studio Version 16
VisualStudioVersion = 16.0.29411.138
MinimumVisualStudioVersion = 10.0.40219.1
Project("{9A19103F-16F7-4668-BE54-9A1E7A4F7556}") = "Vikekh.Cv.Client", "src\Vikekh.Cv.Client\Vikekh.Cv.Client.csproj", "{67B05C25-18D9-424E-A724-C46009F725A2}"
EndProject
Project("{2150E333-8FDC-42A3-9474-1A3956D46DE8}") = "src", "src", "{BC036745-F10C-40D8-BD08-75F81543ED10}"
EndProject
Project("{2150E333-8FDC-42A3-9474-1A3956D46DE8}") = "Solution Items", "Solution Items", "{1207BAF9-E00A-41D7-9A31-A6A24BB5AA4F}"
	ProjectSection(SolutionItems) = preProject
		.editorconfig = .editorconfig
		.gitignore = .gitignore
		cv.md = cv.md
		README.md = README.md
	EndProjectSection
EndProject
Global
	GlobalSection(SolutionConfigurationPlatforms) = preSolution
		Debug|Any CPU = Debug|Any CPU
		Release|Any CPU = Release|Any CPU
	EndGlobalSection
	GlobalSection(ProjectConfigurationPlatforms) = postSolution
		{67B05C25-18D9-424E-A724-C46009F725A2}.Debug|Any CPU.ActiveCfg = Debug|Any CPU
		{67B05C25-18D9-424E-A724-C46009F725A2}.Debug|Any CPU.Build.0 = Debug|Any CPU
		{67B05C25-18D9-424E-A724-C46009F725A2}.Release|Any CPU.ActiveCfg = Release|Any CPU
		{67B05C25-18D9-424E-A724-C46009F725A2}.Release|Any CPU.Build.0 = Release|Any CPU
	EndGlobalSection
	GlobalSection(SolutionProperties) = preSolution
		HideSolutionNode = FALSE
	EndGlobalSection
	GlobalSection(NestedProjects) = preSolution
		{67B05C25-18D9-424E-A724-C46009F725A2} = {BC036745-F10C-40D8-BD08-75F81543ED10}
	EndGlobalSection
	GlobalSection(ExtensibilityGlobals) = postSolution
		SolutionGuid = {071B0CBD-CB38-4F31-BDAB-C02D8F780EA0}
	EndGlobalSection
EndGlobal
