Microsoft Visual Studio Solution File, Format Version 12.00
# Visual Studio 15
VisualStudioVersion = 15.0.27130.2027
MinimumVisualStudioVersion = 15.0.26124.0
Project("{2150E333-8FDC-42A3-9474-1A3956D46DE8}") = "src", "src", "{EA6E9891-3E74-4FDD-A7F7-6B814BF4C388}"
EndProject
Project("{9A19103F-16F7-4668-BE54-9A1E7A4F7556}") = "Vikekh.CV.Api", "src\Vikekh.CV.Api\Vikekh.CV.Api.csproj", "{6393F897-5A25-482E-904B-B58CD17A244A}"
EndProject
Project("{2150E333-8FDC-42A3-9474-1A3956D46DE8}") = "cv", "cv", "{08C0A482-086E-4DEB-8F30-38A2694E72D6}"
	ProjectSection(SolutionItems) = preProject
		sv.md = sv.md
	EndProjectSection
EndProject
Project("{9A19103F-16F7-4668-BE54-9A1E7A4F7556}") = "Vikekh.CV.PhantomJS", "src\Vikekh.CV.PhantomJS\Vikekh.CV.PhantomJS.csproj", "{0DC0A4F3-D114-47E3-A0DD-EC0BA5A06354}"
EndProject
Project("{9A19103F-16F7-4668-BE54-9A1E7A4F7556}") = "Vikekh.CV.Cli", "src\Vikekh.CV.Cli\Vikekh.CV.Cli.csproj", "{EDAB9253-54B7-438F-BAD9-530C9598E7F6}"
EndProject
Project("{FAE04EC0-301F-11D3-BF4B-00C04F79EFBC}") = "Vikekh.CV.Web", "src\Vikekh.CV.Web\Vikekh.CV.Web.csproj", "{3D99F8F5-71FD-41B8-9BC3-E8D01CF67FFD}"
EndProject
Global
	GlobalSection(SolutionConfigurationPlatforms) = preSolution
		Debug|Any CPU = Debug|Any CPU
		Debug|x64 = Debug|x64
		Debug|x86 = Debug|x86
		Release|Any CPU = Release|Any CPU
		Release|x64 = Release|x64
		Release|x86 = Release|x86
	EndGlobalSection
	GlobalSection(ProjectConfigurationPlatforms) = postSolution
		{6393F897-5A25-482E-904B-B58CD17A244A}.Debug|Any CPU.ActiveCfg = Debug|Any CPU
		{6393F897-5A25-482E-904B-B58CD17A244A}.Debug|Any CPU.Build.0 = Debug|Any CPU
		{6393F897-5A25-482E-904B-B58CD17A244A}.Debug|x64.ActiveCfg = Debug|Any CPU
		{6393F897-5A25-482E-904B-B58CD17A244A}.Debug|x64.Build.0 = Debug|Any CPU
		{6393F897-5A25-482E-904B-B58CD17A244A}.Debug|x86.ActiveCfg = Debug|Any CPU
		{6393F897-5A25-482E-904B-B58CD17A244A}.Debug|x86.Build.0 = Debug|Any CPU
		{6393F897-5A25-482E-904B-B58CD17A244A}.Release|Any CPU.ActiveCfg = Release|Any CPU
		{6393F897-5A25-482E-904B-B58CD17A244A}.Release|Any CPU.Build.0 = Release|Any CPU
		{6393F897-5A25-482E-904B-B58CD17A244A}.Release|x64.ActiveCfg = Release|Any CPU
		{6393F897-5A25-482E-904B-B58CD17A244A}.Release|x64.Build.0 = Release|Any CPU
		{6393F897-5A25-482E-904B-B58CD17A244A}.Release|x86.ActiveCfg = Release|Any CPU
		{6393F897-5A25-482E-904B-B58CD17A244A}.Release|x86.Build.0 = Release|Any CPU
		{0DC0A4F3-D114-47E3-A0DD-EC0BA5A06354}.Debug|Any CPU.ActiveCfg = Debug|Any CPU
		{0DC0A4F3-D114-47E3-A0DD-EC0BA5A06354}.Debug|Any CPU.Build.0 = Debug|Any CPU
		{0DC0A4F3-D114-47E3-A0DD-EC0BA5A06354}.Debug|x64.ActiveCfg = Debug|Any CPU
		{0DC0A4F3-D114-47E3-A0DD-EC0BA5A06354}.Debug|x64.Build.0 = Debug|Any CPU
		{0DC0A4F3-D114-47E3-A0DD-EC0BA5A06354}.Debug|x86.ActiveCfg = Debug|Any CPU
		{0DC0A4F3-D114-47E3-A0DD-EC0BA5A06354}.Debug|x86.Build.0 = Debug|Any CPU
		{0DC0A4F3-D114-47E3-A0DD-EC0BA5A06354}.Release|Any CPU.ActiveCfg = Release|Any CPU
		{0DC0A4F3-D114-47E3-A0DD-EC0BA5A06354}.Release|Any CPU.Build.0 = Release|Any CPU
		{0DC0A4F3-D114-47E3-A0DD-EC0BA5A06354}.Release|x64.ActiveCfg = Release|Any CPU
		{0DC0A4F3-D114-47E3-A0DD-EC0BA5A06354}.Release|x64.Build.0 = Release|Any CPU
		{0DC0A4F3-D114-47E3-A0DD-EC0BA5A06354}.Release|x86.ActiveCfg = Release|Any CPU
		{0DC0A4F3-D114-47E3-A0DD-EC0BA5A06354}.Release|x86.Build.0 = Release|Any CPU
		{EDAB9253-54B7-438F-BAD9-530C9598E7F6}.Debug|Any CPU.ActiveCfg = Debug|Any CPU
		{EDAB9253-54B7-438F-BAD9-530C9598E7F6}.Debug|Any CPU.Build.0 = Debug|Any CPU
		{EDAB9253-54B7-438F-BAD9-530C9598E7F6}.Debug|x64.ActiveCfg = Debug|Any CPU
		{EDAB9253-54B7-438F-BAD9-530C9598E7F6}.Debug|x64.Build.0 = Debug|Any CPU
		{EDAB9253-54B7-438F-BAD9-530C9598E7F6}.Debug|x86.ActiveCfg = Debug|Any CPU
		{EDAB9253-54B7-438F-BAD9-530C9598E7F6}.Debug|x86.Build.0 = Debug|Any CPU
		{EDAB9253-54B7-438F-BAD9-530C9598E7F6}.Release|Any CPU.ActiveCfg = Release|Any CPU
		{EDAB9253-54B7-438F-BAD9-530C9598E7F6}.Release|Any CPU.Build.0 = Release|Any CPU
		{EDAB9253-54B7-438F-BAD9-530C9598E7F6}.Release|x64.ActiveCfg = Release|Any CPU
		{EDAB9253-54B7-438F-BAD9-530C9598E7F6}.Release|x64.Build.0 = Release|Any CPU
		{EDAB9253-54B7-438F-BAD9-530C9598E7F6}.Release|x86.ActiveCfg = Release|Any CPU
		{EDAB9253-54B7-438F-BAD9-530C9598E7F6}.Release|x86.Build.0 = Release|Any CPU
		{3D99F8F5-71FD-41B8-9BC3-E8D01CF67FFD}.Debug|Any CPU.ActiveCfg = Debug|Any CPU
		{3D99F8F5-71FD-41B8-9BC3-E8D01CF67FFD}.Debug|Any CPU.Build.0 = Debug|Any CPU
		{3D99F8F5-71FD-41B8-9BC3-E8D01CF67FFD}.Debug|x64.ActiveCfg = Debug|Any CPU
		{3D99F8F5-71FD-41B8-9BC3-E8D01CF67FFD}.Debug|x64.Build.0 = Debug|Any CPU
		{3D99F8F5-71FD-41B8-9BC3-E8D01CF67FFD}.Debug|x86.ActiveCfg = Debug|Any CPU
		{3D99F8F5-71FD-41B8-9BC3-E8D01CF67FFD}.Debug|x86.Build.0 = Debug|Any CPU
		{3D99F8F5-71FD-41B8-9BC3-E8D01CF67FFD}.Release|Any CPU.ActiveCfg = Release|Any CPU
		{3D99F8F5-71FD-41B8-9BC3-E8D01CF67FFD}.Release|Any CPU.Build.0 = Release|Any CPU
		{3D99F8F5-71FD-41B8-9BC3-E8D01CF67FFD}.Release|x64.ActiveCfg = Release|Any CPU
		{3D99F8F5-71FD-41B8-9BC3-E8D01CF67FFD}.Release|x64.Build.0 = Release|Any CPU
		{3D99F8F5-71FD-41B8-9BC3-E8D01CF67FFD}.Release|x86.ActiveCfg = Release|Any CPU
		{3D99F8F5-71FD-41B8-9BC3-E8D01CF67FFD}.Release|x86.Build.0 = Release|Any CPU
	EndGlobalSection
	GlobalSection(SolutionProperties) = preSolution
		HideSolutionNode = FALSE
	EndGlobalSection
	GlobalSection(NestedProjects) = preSolution
		{6393F897-5A25-482E-904B-B58CD17A244A} = {EA6E9891-3E74-4FDD-A7F7-6B814BF4C388}
		{0DC0A4F3-D114-47E3-A0DD-EC0BA5A06354} = {EA6E9891-3E74-4FDD-A7F7-6B814BF4C388}
		{EDAB9253-54B7-438F-BAD9-530C9598E7F6} = {EA6E9891-3E74-4FDD-A7F7-6B814BF4C388}
		{3D99F8F5-71FD-41B8-9BC3-E8D01CF67FFD} = {EA6E9891-3E74-4FDD-A7F7-6B814BF4C388}
	EndGlobalSection
	GlobalSection(ExtensibilityGlobals) = postSolution
		SolutionGuid = {BCF7D31F-F79D-46A4-9598-23616D2A8AF4}
	EndGlobalSection
EndGlobal
