
Microsoft Visual Studio Solution File, Format Version 12.00
# Visual Studio Version 16
VisualStudioVersion = 16.0.29721.120
MinimumVisualStudioVersion = 10.0.40219.1
Project("{9A19103F-16F7-4668-BE54-9A1E7A4F7556}") = "Vikekh.Cv.Web", "src\Vikekh.Cv.Web\Vikekh.Cv.Web.csproj", "{B90AA276-4234-472F-8023-E89E674ECA4D}"
EndProject
Project("{2150E333-8FDC-42A3-9474-1A3956D46DE8}") = "src", "src", "{CFBB8E9D-ED0A-4225-BD32-53CD86B5B6CD}"
EndProject
Project("{9A19103F-16F7-4668-BE54-9A1E7A4F7556}") = "Vikekh.Cv.Core", "src\Vikekh.Cv.Core\Vikekh.Cv.Core.csproj", "{8E1EE0CA-8D65-40DA-B419-FFD77DF7C83B}"
EndProject
Project("{9A19103F-16F7-4668-BE54-9A1E7A4F7556}") = "Vikekh.Cv.Application", "src\Vikekh.Cv.Application\Vikekh.Cv.Application.csproj", "{EC630A8F-C405-44B9-BCB1-2BFD77C61DA4}"
EndProject
Project("{9A19103F-16F7-4668-BE54-9A1E7A4F7556}") = "Vikekh.Cv.Infrastructure", "src\Vikekh.Cv.Infrastructure\Vikekh.Cv.Infrastructure.csproj", "{A8781225-0296-44A0-9DC6-4BC5B3290A9D}"
EndProject
Project("{2150E333-8FDC-42A3-9474-1A3956D46DE8}") = "Solution Items", "Solution Items", "{FA1A78AF-4EBA-4714-9689-7A58923DB7E1}"
	ProjectSection(SolutionItems) = preProject
		_data\resume.yml = _data\resume.yml
	EndProjectSection
EndProject
Global
	GlobalSection(SolutionConfigurationPlatforms) = preSolution
		Debug|Any CPU = Debug|Any CPU
		Release|Any CPU = Release|Any CPU
	EndGlobalSection
	GlobalSection(ProjectConfigurationPlatforms) = postSolution
		{B90AA276-4234-472F-8023-E89E674ECA4D}.Debug|Any CPU.ActiveCfg = Debug|Any CPU
		{B90AA276-4234-472F-8023-E89E674ECA4D}.Debug|Any CPU.Build.0 = Debug|Any CPU
		{B90AA276-4234-472F-8023-E89E674ECA4D}.Release|Any CPU.ActiveCfg = Release|Any CPU
		{B90AA276-4234-472F-8023-E89E674ECA4D}.Release|Any CPU.Build.0 = Release|Any CPU
		{8E1EE0CA-8D65-40DA-B419-FFD77DF7C83B}.Debug|Any CPU.ActiveCfg = Debug|Any CPU
		{8E1EE0CA-8D65-40DA-B419-FFD77DF7C83B}.Debug|Any CPU.Build.0 = Debug|Any CPU
		{8E1EE0CA-8D65-40DA-B419-FFD77DF7C83B}.Release|Any CPU.ActiveCfg = Release|Any CPU
		{8E1EE0CA-8D65-40DA-B419-FFD77DF7C83B}.Release|Any CPU.Build.0 = Release|Any CPU
		{EC630A8F-C405-44B9-BCB1-2BFD77C61DA4}.Debug|Any CPU.ActiveCfg = Debug|Any CPU
		{EC630A8F-C405-44B9-BCB1-2BFD77C61DA4}.Debug|Any CPU.Build.0 = Debug|Any CPU
		{EC630A8F-C405-44B9-BCB1-2BFD77C61DA4}.Release|Any CPU.ActiveCfg = Release|Any CPU
		{EC630A8F-C405-44B9-BCB1-2BFD77C61DA4}.Release|Any CPU.Build.0 = Release|Any CPU
		{A8781225-0296-44A0-9DC6-4BC5B3290A9D}.Debug|Any CPU.ActiveCfg = Debug|Any CPU
		{A8781225-0296-44A0-9DC6-4BC5B3290A9D}.Debug|Any CPU.Build.0 = Debug|Any CPU
		{A8781225-0296-44A0-9DC6-4BC5B3290A9D}.Release|Any CPU.ActiveCfg = Release|Any CPU
		{A8781225-0296-44A0-9DC6-4BC5B3290A9D}.Release|Any CPU.Build.0 = Release|Any CPU
	EndGlobalSection
	GlobalSection(SolutionProperties) = preSolution
		HideSolutionNode = FALSE
	EndGlobalSection
	GlobalSection(NestedProjects) = preSolution
		{B90AA276-4234-472F-8023-E89E674ECA4D} = {CFBB8E9D-ED0A-4225-BD32-53CD86B5B6CD}
		{8E1EE0CA-8D65-40DA-B419-FFD77DF7C83B} = {CFBB8E9D-ED0A-4225-BD32-53CD86B5B6CD}
		{EC630A8F-C405-44B9-BCB1-2BFD77C61DA4} = {CFBB8E9D-ED0A-4225-BD32-53CD86B5B6CD}
		{A8781225-0296-44A0-9DC6-4BC5B3290A9D} = {CFBB8E9D-ED0A-4225-BD32-53CD86B5B6CD}
	EndGlobalSection
	GlobalSection(ExtensibilityGlobals) = postSolution
		SolutionGuid = {70A0B391-BF73-448E-AB6B-FEC0B2511A96}
	EndGlobalSection
EndGlobal
