
Microsoft Visual Studio Solution File, Format Version 12.00
# Visual Studio Version 17
VisualStudioVersion = 17.9.34728.123
MinimumVisualStudioVersion = 10.0.40219.1
Project("{9A19103F-16F7-4668-BE54-9A1E7A4F7556}") = "Vikekh.CV.Web", "src\Vikekh.CV.Web\Vikekh.CV.Web.csproj", "{02DF594E-5777-4FD5-9111-49F48FFE0821}"
EndProject
Project("{2150E333-8FDC-42A3-9474-1A3956D46DE8}") = "src", "src", "{61AC9D5A-33B0-47FD-AD2D-28E4AAD9EE33}"
EndProject
Project("{2150E333-8FDC-42A3-9474-1A3956D46DE8}") = "Solution Items", "Solution Items", "{0F58EE86-46AF-4AEB-8564-1A923DCFD3F7}"
	ProjectSection(SolutionItems) = preProject
		.dockerignore = .dockerignore
		.gitignore = .gitignore
		README.md = README.md
	EndProjectSection
EndProject
Project("{9A19103F-16F7-4668-BE54-9A1E7A4F7556}") = "Vikekh.JsonSchemaCSharpGenerator", "src\Vikekh.JsonSchemaCSharpGenerator\Vikekh.JsonSchemaCSharpGenerator.csproj", "{7EF26D04-AA66-4741-880B-E2C223C6D417}"
EndProject
Project("{FAE04EC0-301F-11D3-BF4B-00C04F79EFBC}") = "Vikekh.CV.Core", "src\Vikekh.CV.Core\Vikekh.CV.Core.csproj", "{9E8656F9-2D19-4228-A3D4-241FC86486D8}"
EndProject
Project("{FAE04EC0-301F-11D3-BF4B-00C04F79EFBC}") = "Vikekh.CV.Infrastructure", "src\Vikekh.CV.Infrastructure\Vikekh.CV.Infrastructure.csproj", "{74AD840D-51EA-4538-89CD-07C7D2C65C4A}"
EndProject
Global
	GlobalSection(SolutionConfigurationPlatforms) = preSolution
		Debug|Any CPU = Debug|Any CPU
		Release|Any CPU = Release|Any CPU
	EndGlobalSection
	GlobalSection(ProjectConfigurationPlatforms) = postSolution
		{02DF594E-5777-4FD5-9111-49F48FFE0821}.Debug|Any CPU.ActiveCfg = Debug|Any CPU
		{02DF594E-5777-4FD5-9111-49F48FFE0821}.Debug|Any CPU.Build.0 = Debug|Any CPU
		{02DF594E-5777-4FD5-9111-49F48FFE0821}.Release|Any CPU.ActiveCfg = Release|Any CPU
		{02DF594E-5777-4FD5-9111-49F48FFE0821}.Release|Any CPU.Build.0 = Release|Any CPU
		{7EF26D04-AA66-4741-880B-E2C223C6D417}.Debug|Any CPU.ActiveCfg = Debug|Any CPU
		{7EF26D04-AA66-4741-880B-E2C223C6D417}.Debug|Any CPU.Build.0 = Debug|Any CPU
		{7EF26D04-AA66-4741-880B-E2C223C6D417}.Release|Any CPU.ActiveCfg = Release|Any CPU
		{7EF26D04-AA66-4741-880B-E2C223C6D417}.Release|Any CPU.Build.0 = Release|Any CPU
		{9E8656F9-2D19-4228-A3D4-241FC86486D8}.Debug|Any CPU.ActiveCfg = Debug|Any CPU
		{9E8656F9-2D19-4228-A3D4-241FC86486D8}.Debug|Any CPU.Build.0 = Debug|Any CPU
		{9E8656F9-2D19-4228-A3D4-241FC86486D8}.Release|Any CPU.ActiveCfg = Release|Any CPU
		{9E8656F9-2D19-4228-A3D4-241FC86486D8}.Release|Any CPU.Build.0 = Release|Any CPU
		{74AD840D-51EA-4538-89CD-07C7D2C65C4A}.Debug|Any CPU.ActiveCfg = Debug|Any CPU
		{74AD840D-51EA-4538-89CD-07C7D2C65C4A}.Debug|Any CPU.Build.0 = Debug|Any CPU
		{74AD840D-51EA-4538-89CD-07C7D2C65C4A}.Release|Any CPU.ActiveCfg = Release|Any CPU
		{74AD840D-51EA-4538-89CD-07C7D2C65C4A}.Release|Any CPU.Build.0 = Release|Any CPU
	EndGlobalSection
	GlobalSection(SolutionProperties) = preSolution
		HideSolutionNode = FALSE
	EndGlobalSection
	GlobalSection(NestedProjects) = preSolution
		{02DF594E-5777-4FD5-9111-49F48FFE0821} = {61AC9D5A-33B0-47FD-AD2D-28E4AAD9EE33}
		{7EF26D04-AA66-4741-880B-E2C223C6D417} = {61AC9D5A-33B0-47FD-AD2D-28E4AAD9EE33}
		{9E8656F9-2D19-4228-A3D4-241FC86486D8} = {61AC9D5A-33B0-47FD-AD2D-28E4AAD9EE33}
		{74AD840D-51EA-4538-89CD-07C7D2C65C4A} = {61AC9D5A-33B0-47FD-AD2D-28E4AAD9EE33}
	EndGlobalSection
	GlobalSection(ExtensibilityGlobals) = postSolution
		SolutionGuid = {D0DED047-07A1-4580-BD5B-C41B480A711F}
	EndGlobalSection
EndGlobal
